
Microsoft Visual Studio Solution File, Format Version 12.00
# Visual Studio Version 16
VisualStudioVersion = 16.0.30011.22
MinimumVisualStudioVersion = 10.0.40219.1
Project("{FAE04EC0-301F-11D3-BF4B-00C04F79EFBC}") = "NEISPUOInstAPI", "NEISPUOInstAPI\NEISPUOInstAPI.csproj", "{148FCEF0-6CBB-4860-B6E9-F70F2DDE4713}"
EndProject
Global
	GlobalSection(SolutionConfigurationPlatforms) = preSolution
		Debug|Any CPU = Debug|Any CPU
		Release|Any CPU = Release|Any CPU
	EndGlobalSection
	GlobalSection(ProjectConfigurationPlatforms) = postSolution
		{148FCEF0-6CBB-4860-B6E9-F70F2DDE4713}.Debug|Any CPU.ActiveCfg = Debug|Any CPU
		{148FCEF0-6CBB-4860-B6E9-F70F2DDE4713}.Debug|Any CPU.Build.0 = Debug|Any CPU
		{148FCEF0-6CBB-4860-B6E9-F70F2DDE4713}.Release|Any CPU.ActiveCfg = Release|Any CPU
		{148FCEF0-6CBB-4860-B6E9-F70F2DDE4713}.Release|Any CPU.Build.0 = Release|Any CPU
	EndGlobalSection
	GlobalSection(SolutionProperties) = preSolution
		HideSolutionNode = FALSE
	EndGlobalSection
	GlobalSection(ExtensibilityGlobals) = postSolution
		SolutionGuid = {C92C20EC-1796-4C60-A2DB-C7FE5BD60C8D}
	EndGlobalSection
EndGlobal
